
Microsoft Visual Studio Solution File, Format Version 12.00
# Visual Studio 14
VisualStudioVersion = 14.0.25420.1
MinimumVisualStudioVersion = 10.0.40219.1
Project("{FAE04EC0-301F-11D3-BF4B-00C04F79EFBC}") = "TravisTest", "TravisTest\TravisTest.csproj", "{9535CD6B-9703-4112-B0F6-F8AC3C24A2C5}"
EndProject
Project("{FAE04EC0-301F-11D3-BF4B-00C04F79EFBC}") = "TravisTest.Tests", "TravisTest.Tests\TravisTest.Tests.csproj", "{05838CFF-A4A9-4A7A-8847-5021A9661F9F}"
EndProject
Global
	GlobalSection(SolutionConfigurationPlatforms) = preSolution
		Debug|Any CPU = Debug|Any CPU
		Release|Any CPU = Release|Any CPU
	EndGlobalSection
	GlobalSection(ProjectConfigurationPlatforms) = postSolution
		{9535CD6B-9703-4112-B0F6-F8AC3C24A2C5}.Debug|Any CPU.ActiveCfg = Debug|Any CPU
		{9535CD6B-9703-4112-B0F6-F8AC3C24A2C5}.Debug|Any CPU.Build.0 = Debug|Any CPU
		{9535CD6B-9703-4112-B0F6-F8AC3C24A2C5}.Release|Any CPU.ActiveCfg = Release|Any CPU
		{9535CD6B-9703-4112-B0F6-F8AC3C24A2C5}.Release|Any CPU.Build.0 = Release|Any CPU
		{05838CFF-A4A9-4A7A-8847-5021A9661F9F}.Debug|Any CPU.ActiveCfg = Debug|Any CPU
		{05838CFF-A4A9-4A7A-8847-5021A9661F9F}.Debug|Any CPU.Build.0 = Debug|Any CPU
		{05838CFF-A4A9-4A7A-8847-5021A9661F9F}.Release|Any CPU.ActiveCfg = Release|Any CPU
		{05838CFF-A4A9-4A7A-8847-5021A9661F9F}.Release|Any CPU.Build.0 = Release|Any CPU
	EndGlobalSection
	GlobalSection(SolutionProperties) = preSolution
		HideSolutionNode = FALSE
	EndGlobalSection
EndGlobal
